// !$*UTF8*$!
{
	archiveVersion = 1;
	classes = {
	};
	objectVersion = 48;
	objects = {

/* Begin PBXBuildFile section */
		3BDB849F20765F2A00909769 /* AppDelegate.swift in Sources */ = {isa = PBXBuildFile; fileRef = 3BDB849E20765F2A00909769 /* AppDelegate.swift */; };
		3BDB84A120765F2A00909769 /* ViewController.swift in Sources */ = {isa = PBXBuildFile; fileRef = 3BDB84A020765F2A00909769 /* ViewController.swift */; };
		3BDB84A420765F2A00909769 /* Main.storyboard in Resources */ = {isa = PBXBuildFile; fileRef = 3BDB84A220765F2A00909769 /* Main.storyboard */; };
		3BDB84A620765F2A00909769 /* Assets.xcassets in Resources */ = {isa = PBXBuildFile; fileRef = 3BDB84A520765F2A00909769 /* Assets.xcassets */; };
		3BDB84A920765F2A00909769 /* LaunchScreen.storyboard in Resources */ = {isa = PBXBuildFile; fileRef = 3BDB84A720765F2A00909769 /* LaunchScreen.storyboard */; };
		3BDB84B12076606C00909769 /* Page2ViewController.swift in Sources */ = {isa = PBXBuildFile; fileRef = 3BDB84B02076606C00909769 /* Page2ViewController.swift */; };
/* End PBXBuildFile section */

/* Begin PBXFileReference section */
		3BDB849B20765F2A00909769 /* pass data between page.app */ = {isa = PBXFileReference; explicitFileType = wrapper.application; includeInIndex = 0; path = "pass data between page.app"; sourceTree = BUILT_PRODUCTS_DIR; };
		3BDB849E20765F2A00909769 /* AppDelegate.swift */ = {isa = PBXFileReference; lastKnownFileType = sourcecode.swift; path = AppDelegate.swift; sourceTree = "<group>"; };
		3BDB84A020765F2A00909769 /* ViewController.swift */ = {isa = PBXFileReference; lastKnownFileType = sourcecode.swift; path = ViewController.swift; sourceTree = "<group>"; };
		3BDB84A320765F2A00909769 /* Base */ = {isa = PBXFileReference; lastKnownFileType = file.storyboard; name = Base; path = Base.lproj/Main.storyboard; sourceTree = "<group>"; };
		3BDB84A520765F2A00909769 /* Assets.xcassets */ = {isa = PBXFileReference; lastKnownFileType = folder.assetcatalog; path = Assets.xcassets; sourceTree = "<group>"; };
		3BDB84A820765F2A00909769 /* Base */ = {isa = PBXFileReference; lastKnownFileType = file.storyboard; name = Base; path = Base.lproj/LaunchScreen.storyboard; sourceTree = "<group>"; };
		3BDB84AA20765F2A00909769 /* Info.plist */ = {isa = PBXFileReference; lastKnownFileType = text.plist.xml; path = Info.plist; sourceTree = "<group>"; };
		3BDB84B02076606C00909769 /* Page2ViewController.swift */ = {isa = PBXFileReference; lastKnownFileType = sourcecode.swift; path = Page2ViewController.swift; sourceTree = "<group>"; };
/* End PBXFileReference section */

/* Begin PBXFrameworksBuildPhase section */
		3BDB849820765F2A00909769 /* Frameworks */ = {
			isa = PBXFrameworksBuildPhase;
			buildActionMask = 2147483647;
			files = (
			);
			runOnlyForDeploymentPostprocessing = 0;
		};
/* End PBXFrameworksBuildPhase section */

/* Begin PBXGroup section */
		3BDB849220765F2A00909769 = {
			isa = PBXGroup;
			children = (
				3BDB849D20765F2A00909769 /* pass data between page */,
				3BDB849C20765F2A00909769 /* Products */,
			);
			sourceTree = "<group>";
		};
		3BDB849C20765F2A00909769 /* Products */ = {
			isa = PBXGroup;
			children = (
				3BDB849B20765F2A00909769 /* pass data between page.app */,
			);
			name = Products;
			sourceTree = "<group>";
		};
		3BDB849D20765F2A00909769 /* pass data between page */ = {
			isa = PBXGroup;
			children = (
				3BDB849E20765F2A00909769 /* AppDelegate.swift */,
				3BDB84A020765F2A00909769 /* ViewController.swift */,
				3BDB84B02076606C00909769 /* Page2ViewController.swift */,
				3BDB84A220765F2A00909769 /* Main.storyboard */,
				3BDB84A520765F2A00909769 /* Assets.xcassets */,
				3BDB84A720765F2A00909769 /* LaunchScreen.storyboard */,
				3BDB84AA20765F2A00909769 /* Info.plist */,
			);
			path = "pass data between page";
			sourceTree = "<group>";
		};
/* End PBXGroup section */

/* Begin PBXNativeTarget section */
		3BDB849A20765F2A00909769 /* pass data between page */ = {
			isa = PBXNativeTarget;
			buildConfigurationList = 3BDB84AD20765F2A00909769 /* Build configuration list for PBXNativeTarget "pass data between page" */;
			buildPhases = (
				3BDB849720765F2A00909769 /* Sources */,
				3BDB849820765F2A00909769 /* Frameworks */,
				3BDB849920765F2A00909769 /* Resources */,
			);
			buildRules = (
			);
			dependencies = (
			);
			name = "pass data between page";
			productName = "pass data between page";
			productReference = 3BDB849B20765F2A00909769 /* pass data between page.app */;
			productType = "com.apple.product-type.application";
		};
/* End PBXNativeTarget section */

/* Begin PBXProject section */
		3BDB849320765F2A00909769 /* Project object */ = {
			isa = PBXProject;
			attributes = {
				LastSwiftUpdateCheck = 0920;
				LastUpgradeCheck = 0920;
				ORGANIZATIONNAME = Supakornbabe;
				TargetAttributes = {
					3BDB849A20765F2A00909769 = {
						CreatedOnToolsVersion = 9.2;
						ProvisioningStyle = Automatic;
					};
				};
			};
			buildConfigurationList = 3BDB849620765F2A00909769 /* Build configuration list for PBXProject "pass data between page" */;
			compatibilityVersion = "Xcode 8.0";
			developmentRegion = en;
			hasScannedForEncodings = 0;
			knownRegions = (
				en,
				Base,
			);
			mainGroup = 3BDB849220765F2A00909769;
			productRefGroup = 3BDB849C20765F2A00909769 /* Products */;
			projectDirPath = "";
			projectRoot = "";
			targets = (
				3BDB849A20765F2A00909769 /* pass data between page */,
			);
		};
/* End PBXProject section */

/* Begin PBXResourcesBuildPhase section */
		3BDB849920765F2A00909769 /* Resources */ = {
			isa = PBXResourcesBuildPhase;
			buildActionMask = 2147483647;
			files = (
				3BDB84A920765F2A00909769 /* LaunchScreen.storyboard in Resources */,
				3BDB84A620765F2A00909769 /* Assets.xcassets in Resources */,
				3BDB84A420765F2A00909769 /* Main.storyboard in Resources */,
			);
			runOnlyForDeploymentPostprocessing = 0;
		};
/* End PBXResourcesBuildPhase section */

/* Begin PBXSourcesBuildPhase section */
		3BDB849720765F2A00909769 /* Sources */ = {
			isa = PBXSourcesBuildPhase;
			buildActionMask = 2147483647;
			files = (
				3BDB84A120765F2A00909769 /* ViewController.swift in Sources */,
				3BDB84B12076606C00909769 /* Page2ViewController.swift in Sources */,
				3BDB849F20765F2A00909769 /* AppDelegate.swift in Sources */,
			);
			runOnlyForDeploymentPostprocessing = 0;
		};
/* End PBXSourcesBuildPhase section */

/* Begin PBXVariantGroup section */
		3BDB84A220765F2A00909769 /* Main.storyboard */ = {
			isa = PBXVariantGroup;
			children = (
				3BDB84A320765F2A00909769 /* Base */,
			);
			name = Main.storyboard;
			sourceTree = "<group>";
		};
		3BDB84A720765F2A00909769 /* LaunchScreen.storyboard */ = {
			isa = PBXVariantGroup;
			children = (
				3BDB84A820765F2A00909769 /* Base */,
			);
			name = LaunchScreen.storyboard;
			sourceTree = "<group>";
		};
/* End PBXVariantGroup section */

/* Begin XCBuildConfiguration section */
		3BDB84AB20765F2A00909769 /* Debug */ = {
			isa = XCBuildConfiguration;
			buildSettings = {
				ALWAYS_SEARCH_USER_PATHS = NO;
				CLANG_ANALYZER_NONNULL = YES;
				CLANG_ANALYZER_NUMBER_OBJECT_CONVERSION = YES_AGGRESSIVE;
				CLANG_CXX_LANGUAGE_STANDARD = "gnu++14";
				CLANG_CXX_LIBRARY = "libc++";
				CLANG_ENABLE_MODULES = YES;
				CLANG_ENABLE_OBJC_ARC = YES;
				CLANG_WARN_BLOCK_CAPTURE_AUTORELEASING = YES;
				CLANG_WARN_BOOL_CONVERSION = YES;
				CLANG_WARN_COMMA = YES;
				CLANG_WARN_CONSTANT_CONVERSION = YES;
				CLANG_WARN_DIRECT_OBJC_ISA_USAGE = YES_ERROR;
				CLANG_WARN_DOCUMENTATION_COMMENTS = YES;
				CLANG_WARN_EMPTY_BODY = YES;
				CLANG_WARN_ENUM_CONVERSION = YES;
				CLANG_WARN_INFINITE_RECURSION = YES;
				CLANG_WARN_INT_CONVERSION = YES;
				CLANG_WARN_NON_LITERAL_NULL_CONVERSION = YES;
				CLANG_WARN_OBJC_LITERAL_CONVERSION = YES;
				CLANG_WARN_OBJC_ROOT_CLASS = YES_ERROR;
				CLANG_WARN_RANGE_LOOP_ANALYSIS = YES;
				CLANG_WARN_STRICT_PROTOTYPES = YES;
				CLANG_WARN_SUSPICIOUS_MOVE = YES;
				CLANG_WARN_UNGUARDED_AVAILABILITY = YES_AGGRESSIVE;
				CLANG_WARN_UNREACHABLE_CODE = YES;
				CLANG_WARN__DUPLICATE_METHOD_MATCH = YES;
				CODE_SIGN_IDENTITY = "iPhone Developer";
				COPY_PHASE_STRIP = NO;
				DEBUG_INFORMATION_FORMAT = dwarf;
				ENABLE_STRICT_OBJC_MSGSEND = YES;
				ENABLE_TESTABILITY = YES;
				GCC_C_LANGUAGE_STANDARD = gnu11;
				GCC_DYNAMIC_NO_PIC = NO;
				GCC_NO_COMMON_BLOCKS = YES;
				GCC_OPTIMIZATION_LEVEL = 0;
				GCC_PREPROCESSOR_DEFINITIONS = (
					"DEBUG=1",
					"$(inherited)",
				);
				GCC_WARN_64_TO_32_BIT_CONVERSION = YES;
				GCC_WARN_ABOUT_RETURN_TYPE = YES_ERROR;
				GCC_WARN_UNDECLARED_SELECTOR = YES;
				GCC_WARN_UNINITIALIZED_AUTOS = YES_AGGRESSIVE;
				GCC_WARN_UNUSED_FUNCTION = YES;
				GCC_WARN_UNUSED_VARIABLE = YES;
				IPHONEOS_DEPLOYMENT_TARGET = 11.2;
				MTL_ENABLE_DEBUG_INFO = YES;
				ONLY_ACTIVE_ARCH = YES;
				SDKROOT = iphoneos;
				SWIFT_ACTIVE_COMPILATION_CONDITIONS = DEBUG;
				SWIFT_OPTIMIZATION_LEVEL = "-Onone";
			};
			name = Debug;
		};
		3BDB84AC20765F2A00909769 /* Release */ = {
			isa = XCBuildConfiguration;
			buildSettings = {
				ALWAYS_SEARCH_USER_PATHS = NO;
				CLANG_ANALYZER_NONNULL = YES;
				CLANG_ANALYZER_NUMBER_OBJECT_CONVERSION = YES_AGGRESSIVE;
				CLANG_CXX_LANGUAGE_STANDARD = "gnu++14";
				CLANG_CXX_LIBRARY = "libc++";
				CLANG_ENABLE_MODULES = YES;
				CLANG_ENABLE_OBJC_ARC = YES;
				CLANG_WARN_BLOCK_CAPTURE_AUTORELEASING = YES;
				CLANG_WARN_BOOL_CONVERSION = YES;
				CLANG_WARN_COMMA = YES;
				CLANG_WARN_CONSTANT_CONVERSION = YES;
				CLANG_WARN_DIRECT_OBJC_ISA_USAGE = YES_ERROR;
				CLANG_WARN_DOCUMENTATION_COMMENTS = YES;
				CLANG_WARN_EMPTY_BODY = YES;
				CLANG_WARN_ENUM_CONVERSION = YES;
				CLANG_WARN_INFINITE_RECURSION = YES;
				CLANG_WARN_INT_CONVERSION = YES;
				CLANG_WARN_NON_LITERAL_NULL_CONVERSION = YES;
				CLANG_WARN_OBJC_LITERAL_CONVERSION = YES;
				CLANG_WARN_OBJC_ROOT_CLASS = YES_ERROR;
				CLANG_WARN_RANGE_LOOP_ANALYSIS = YES;
				CLANG_WARN_STRICT_PROTOTYPES = YES;
				CLANG_WARN_SUSPICIOUS_MOVE = YES;
				CLANG_WARN_UNGUARDED_AVAILABILITY = YES_AGGRESSIVE;
				CLANG_WARN_UNREACHABLE_CODE = YES;
				CLANG_WARN__DUPLICATE_METHOD_MATCH = YES;
				CODE_SIGN_IDENTITY = "iPhone Developer";
				COPY_PHASE_STRIP = NO;
				DEBUG_INFORMATION_FORMAT = "dwarf-with-dsym";
				ENABLE_NS_ASSERTIONS = NO;
				ENABLE_STRICT_OBJC_MSGSEND = YES;
				GCC_C_LANGUAGE_STANDARD = gnu11;
				GCC_NO_COMMON_BLOCKS = YES;
				GCC_WARN_64_TO_32_BIT_CONVERSION = YES;
				GCC_WARN_ABOUT_RETURN_TYPE = YES_ERROR;
				GCC_WARN_UNDECLARED_SELECTOR = YES;
				GCC_WARN_UNINITIALIZED_AUTOS = YES_AGGRESSIVE;
				GCC_WARN_UNUSED_FUNCTION = YES;
				GCC_WARN_UNUSED_VARIABLE = YES;
				IPHONEOS_DEPLOYMENT_TARGET = 11.2;
				MTL_ENABLE_DEBUG_INFO = NO;
				SDKROOT = iphoneos;
				SWIFT_OPTIMIZATION_LEVEL = "-Owholemodule";
				VALIDATE_PRODUCT = YES;
			};
			name = Release;
		};
		3BDB84AE20765F2A00909769 /* Debug */ = {
			isa = XCBuildConfiguration;
			buildSettings = {
				ASSETCATALOG_COMPILER_APPICON_NAME = AppIcon;
				CODE_SIGN_STYLE = Automatic;
				DEVELOPMENT_TEAM = D8R853UY7D;
				INFOPLIST_FILE = "pass data between page/Info.plist";
				IPHONEOS_DEPLOYMENT_TARGET = 9.0;
				LD_RUNPATH_SEARCH_PATHS = "$(inherited) @executable_path/Frameworks";
				PRODUCT_BUNDLE_IDENTIFIER = "com.supakornbabe.pass-data-between-page";
				PRODUCT_NAME = "$(TARGET_NAME)";
				SWIFT_VERSION = 4.0;
				TARGETED_DEVICE_FAMILY = "1,2";
			};
			name = Debug;
		};
		3BDB84AF20765F2A00909769 /* Release */ = {
			isa = XCBuildConfiguration;
			buildSettings = {
				ASSETCATALOG_COMPILER_APPICON_NAME = AppIcon;
				CODE_SIGN_STYLE = Automatic;
				DEVELOPMENT_TEAM = D8R853UY7D;
				INFOPLIST_FILE = "pass data between page/Info.plist";
				IPHONEOS_DEPLOYMENT_TARGET = 9.0;
				LD_RUNPATH_SEARCH_PATHS = "$(inherited) @executable_path/Frameworks";
				PRODUCT_BUNDLE_IDENTIFIER = "com.supakornbabe.pass-data-between-page";
				PRODUCT_NAME = "$(TARGET_NAME)";
				SWIFT_VERSION = 4.0;
				TARGETED_DEVICE_FAMILY = "1,2";
			};
			name = Release;
		};
/* End XCBuildConfiguration section */

/* Begin XCConfigurationList section */
		3BDB849620765F2A00909769 /* Build configuration list for PBXProject "pass data between page" */ = {
			isa = XCConfigurationList;
			buildConfigurations = (
				3BDB84AB20765F2A00909769 /* Debug */,
				3BDB84AC20765F2A00909769 /* Release */,
			);
			defaultConfigurationIsVisible = 0;
			defaultConfigurationName = Release;
		};
		3BDB84AD20765F2A00909769 /* Build configuration list for PBXNativeTarget "pass data between page" */ = {
			isa = XCConfigurationList;
			buildConfigurations = (
				3BDB84AE20765F2A00909769 /* Debug */,
				3BDB84AF20765F2A00909769 /* Release */,
			);
			defaultConfigurationIsVisible = 0;
			defaultConfigurationName = Release;
		};
/* End XCConfigurationList section */
	};
	rootObject = 3BDB849320765F2A00909769 /* Project object */;
}
